{
    "version": "0.5",
    "requires": [
        "zstd/1.5.5#1f239731dc45147c7fc2f54bfbde73df%1715599909.17",
        "zlib/1.3.1#b8bc2603263cf7eccbd6e17e66b0ed76%1733936244.862",
        "xz_utils/5.4.5#b885d1d79c9d30cff3803f7f551dbe66%1724318972.064",
        "tesseract/5.5.0#cc1f274c2b9c226ef36863aaf26c68ea%1740400515.402",
        "spdlog/1.15.1#92e99f07f134481bce4b70c1a41060e7%1738512735.307",
        "quirc/1.2#5398c0f120ebdeeeb3b2535a32774d25%1741858844.528",
        "protobuf/3.21.12#d927114e28de9f4691a6bbcdd9a529d1%1747665978.828",
        "openssl/3.4.1#638c4c4df8ecdef1f7aa73fc0d07fde6%1743184906.855",
        "openjpeg/2.5.2#6f7b733e151d1bbf5ed05cbabb846828%1709653017.024",
        "openexr/3.2.3#9729562cfe706ed8d5a9a7f398d09eab%1727884743.243",
        "opencv/4.10.0#4458605981a42d26f29ea75e7ad54a90%1741379415.335",
        "nlohmann_json/3.11.3#45828be26eb619a2e04ca517bb7b828d%1701220705.259",
        "ms-gsl/4.1.0#e2af591b5e8c3a3f6a570cf9cbcd7a87%1730272183.524",
        "libwebp/1.3.2#dbed2923d1d09411a7c2efa89700fa71%1739359611.675",
        "libtiff/4.6.0#1979c297d270098f5adbb0974fb818d3%1736266116.64",
        "libpng/1.6.47#d7ad969de6b0a72704cf03d6ef17648b%1740028982.292",
        "libjpeg/9e#ebca87d1efc798db99cc9bbe2297679a%1723665906.622",
        "libiconv/1.17#1ae2f60ab5d08de1643a22a81b360c59%1737639926.448",
        "libdwarf/0.11.1#6032ff76a448327b53f7511e5d7045a3%1741781946.284",
        "libdeflate/1.19#3ea74a4549efc14d4b1202dc4bfbf602%1694914376.803",
        "libcurl/8.11.1#35dbdcc0d7eea7ca938a261a6ef625d6%1745508833.639",
        "libassert/2.1.4#de095beca7f09b01b613dd4e03574f88%1736059928.105",
        "libarchive/3.7.9#7a6b3ce684024d5ac74dc9049d5c61cf%1743607719.132",
        "leptonica/1.83.1#58142618f0f8f12e20c333c45871c1d2%1731424016.463",
        "jbig/20160605#2d29fa02aacd76902e0d2cbbc24631ef%1676066289.194",
        "imath/3.1.9#2e7f5802b247baae47235b4c8d5642c9%1708982814.433",
        "gtest/1.13.0#95e69a512a85be0fff52a1f0ea8b930a%1715096214.407",
        "giflib/5.2.1#b2e383cdaf6dbd727ebfa15c66ea38b3%1731663930.381",
        "fmt/11.1.3#8364f0feb23ee32e4b870455edb552ae%1738512514.619",
        "eigen/3.4.0#2e192482a8acff96fe34766adca2b24c%1680436083.8",
        "cpptrace/0.7.2#43c0c744099cd9281103b7157bd74d03%1741598999.762",
        "ade/0.1.2d#82546b5d78a6a8393f705a8f4f826dff%1742833246.863"
    ],
    "build_requires": [
        "zlib/1.3.1#b8bc2603263cf7eccbd6e17e66b0ed76%1733936244.862",
        "protobuf/3.21.12#d927114e28de9f4691a6bbcdd9a529d1%1747665978.828",
        "pkgconf/2.5.1#93c2051284cba1279494a43a4fcfeae2%1757684701.089",
        "pkgconf/2.1.0#27f44583701117b571307cf5b5fe5605%1701537936.436",
        "ninja/1.12.1#fd583651bf0c6a901943495d49878803%1724079877.609",
        "meson/1.2.2#21b73818ba96d9eea465b310b5bbc993%1726730120.212",
        "m4/1.4.19#b38ced39a01e31fef5435bc634461fd2%1700758725.451",
        "libtool/2.4.7#a182d7ce8d4c346a19dbd4a5d532ef68%1742900203.747",
        "gnu-config/cci.20210814#dc430d754f465e8c74463019672fb97b%1701248168.479",
        "cmake/3.31.6#ed0e6c1d49bd564ce6fed1a19653b86d%1740594968.467",
        "automake/1.16.5#058bda3e21c36c9aa8425daf3c1faf50%1688481772.751",
        "autoconf/2.71#f9307992909d7fb3df459340f1932809%1711983104.648"
    ],
    "python_requires": [],
    "config_requires": []
}
